// !$*UTF8*$!
{
	archiveVersion = 1;
	classes = {
	};
	objectVersion = 77;
	objects = {

/* Begin PBXBuildFile section */
		961396C22E0D503800B847F3 /* StopEventWire.swift in Sources */ = {isa = PBXBuildFile; fileRef = 961396B22E0D503800B847F3 /* StopEventWire.swift */; };
		961396D22E0D503800B847F3 /* StopEventWire.swift in Resources */ = {isa = PBXBuildFile; fileRef = 961396B22E0D503800B847F3 /* StopEventWire.swift */; };
		9636A7392E79193100A062B6 /* WatchConnectivity.framework in Frameworks */ = {isa = PBXBuildFile; fileRef = 9640DBA32DF695F0002688A4 /* WatchConnectivity.framework */; };
		9636A7622E791DBD00A062B6 /* SyncTimerWatch Watch App.app in Embed Watch Content */ = {isa = PBXBuildFile; fileRef = 9636A7422E791DBB00A062B6 /* SyncTimerWatch Watch App.app */; platformFilter = ios; settings = {ATTRIBUTES = (RemoveHeadersOnCopy, ); }; };
		967A69002F0DDD1F00FCD067 /* SyncTimerJoinClip.app in Embed App Clips */ = {isa = PBXBuildFile; fileRef = 967A68D92F0DDD1E00FCD067 /* SyncTimerJoinClip.app */; platformFilter = ios; settings = {ATTRIBUTES = (RemoveHeadersOnCopy, ); }; };
		968E1B0C2E79357500F79392 /* StopEventWire.swift in Sources */ = {isa = PBXBuildFile; fileRef = 961396B22E0D503800B847F3 /* StopEventWire.swift */; };
		968E1B102E79389800F79392 /* WatchConnectivity.framework in Frameworks */ = {isa = PBXBuildFile; fileRef = 9640DBA32DF695F0002688A4 /* WatchConnectivity.framework */; };
		96DF202A2E79311700FFB580 /* TimerMessage+Wire.swift in Sources */ = {isa = PBXBuildFile; fileRef = 96DF20292E79311700FFB580 /* TimerMessage+Wire.swift */; };
		96DF202B2E79312800FFB580 /* TimerMessage+Wire.swift in Sources */ = {isa = PBXBuildFile; fileRef = 96DF20292E79311700FFB580 /* TimerMessage+Wire.swift */; };
		96F296442E793F130039B071 /* ConnectivityManager.swift in Sources */ = {isa = PBXBuildFile; fileRef = 96F296122E793F130039B071 /* ConnectivityManager.swift */; };
		96F296452E793F130039B071 /* ControlRequest.swift in Sources */ = {isa = PBXBuildFile; fileRef = 96F296132E793F130039B071 /* ControlRequest.swift */; };
		96F2965D2E793F130039B071 /* ConnectivityManager.swift in Sources */ = {isa = PBXBuildFile; fileRef = 96F296122E793F130039B071 /* ConnectivityManager.swift */; };
		96F2965E2E793F130039B071 /* ControlRequest.swift in Sources */ = {isa = PBXBuildFile; fileRef = 96F296132E793F130039B071 /* ControlRequest.swift */; };
/* End PBXBuildFile section */

/* Begin PBXContainerItemProxy section */
		9636A74F2E791DBD00A062B6 /* PBXContainerItemProxy */ = {
			isa = PBXContainerItemProxy;
			containerPortal = 96DB42052DE84D160027E9AA /* Project object */;
			proxyType = 1;
			remoteGlobalIDString = 9636A7412E791DBB00A062B6;
			remoteInfo = "SyncTimerWatch Watch App";
		};
		9636A7592E791DBD00A062B6 /* PBXContainerItemProxy */ = {
			isa = PBXContainerItemProxy;
			containerPortal = 96DB42052DE84D160027E9AA /* Project object */;
			proxyType = 1;
			remoteGlobalIDString = 9636A7412E791DBB00A062B6;
			remoteInfo = "SyncTimerWatch Watch App";
		};
		9636A7602E791DBD00A062B6 /* PBXContainerItemProxy */ = {
			isa = PBXContainerItemProxy;
			containerPortal = 96DB42052DE84D160027E9AA /* Project object */;
			proxyType = 1;
			remoteGlobalIDString = 9636A7412E791DBB00A062B6;
			remoteInfo = "SyncTimerWatch Watch App";
		};
		967A68ED2F0DDD1F00FCD067 /* PBXContainerItemProxy */ = {
			isa = PBXContainerItemProxy;
			containerPortal = 96DB42052DE84D160027E9AA /* Project object */;
			proxyType = 1;
			remoteGlobalIDString = 967A68D82F0DDD1E00FCD067;
			remoteInfo = SyncTimerJoinClip;
		};
		967A68F72F0DDD1F00FCD067 /* PBXContainerItemProxy */ = {
			isa = PBXContainerItemProxy;
			containerPortal = 96DB42052DE84D160027E9AA /* Project object */;
			proxyType = 1;
			remoteGlobalIDString = 967A68D82F0DDD1E00FCD067;
			remoteInfo = SyncTimerJoinClip;
		};
		967A68FE2F0DDD1F00FCD067 /* PBXContainerItemProxy */ = {
			isa = PBXContainerItemProxy;
			containerPortal = 96DB42052DE84D160027E9AA /* Project object */;
			proxyType = 1;
			remoteGlobalIDString = 967A68D82F0DDD1E00FCD067;
			remoteInfo = SyncTimerJoinClip;
		};
		96DB421E2DE84D190027E9AA /* PBXContainerItemProxy */ = {
			isa = PBXContainerItemProxy;
			containerPortal = 96DB42052DE84D160027E9AA /* Project object */;
			proxyType = 1;
			remoteGlobalIDString = 96DB420C2DE84D160027E9AA;
			remoteInfo = SyncTimer;
		};
		96DB42282DE84D190027E9AA /* PBXContainerItemProxy */ = {
			isa = PBXContainerItemProxy;
			containerPortal = 96DB42052DE84D160027E9AA /* Project object */;
			proxyType = 1;
			remoteGlobalIDString = 96DB420C2DE84D160027E9AA;
			remoteInfo = SyncTimer;
		};
/* End PBXContainerItemProxy section */

/* Begin PBXCopyFilesBuildPhase section */
		962A5F1B2E0D53AE005A36E9 /* Embed Watch Content */ = {
			isa = PBXCopyFilesBuildPhase;
			buildActionMask = 2147483647;
			dstPath = "$(CONTENTS_FOLDER_PATH)/Watch";
			dstSubfolderSpec = 16;
			files = (
				9636A7622E791DBD00A062B6 /* SyncTimerWatch Watch App.app in Embed Watch Content */,
			);
			name = "Embed Watch Content";
			runOnlyForDeploymentPostprocessing = 0;
		};
		9633A7042DF6CCFD00875623 /* CopyFiles */ = {
			isa = PBXCopyFilesBuildPhase;
			buildActionMask = 2147483647;
			dstPath = Watch;
			dstSubfolderSpec = 7;
			files = (
			);
			runOnlyForDeploymentPostprocessing = 0;
		};
		967A69012F0DDD1F00FCD067 /* Embed App Clips */ = {
			isa = PBXCopyFilesBuildPhase;
			buildActionMask = 2147483647;
			dstPath = "$(CONTENTS_FOLDER_PATH)/AppClips";
			dstSubfolderSpec = 16;
			files = (
				967A69002F0DDD1F00FCD067 /* SyncTimerJoinClip.app in Embed App Clips */,
			);
			name = "Embed App Clips";
			runOnlyForDeploymentPostprocessing = 0;
		};
/* End PBXCopyFilesBuildPhase section */

/* Begin PBXFileReference section */
		961396B22E0D503800B847F3 /* StopEventWire.swift */ = {isa = PBXFileReference; lastKnownFileType = sourcecode.swift; path = StopEventWire.swift; sourceTree = "<group>"; };
		9636A7422E791DBB00A062B6 /* SyncTimerWatch Watch App.app */ = {isa = PBXFileReference; explicitFileType = wrapper.application; includeInIndex = 0; path = "SyncTimerWatch Watch App.app"; sourceTree = BUILT_PRODUCTS_DIR; };
		9636A74E2E791DBD00A062B6 /* SyncTimerWatch Watch AppTests.xctest */ = {isa = PBXFileReference; explicitFileType = wrapper.cfbundle; includeInIndex = 0; path = "SyncTimerWatch Watch AppTests.xctest"; sourceTree = BUILT_PRODUCTS_DIR; };
		9636A7582E791DBD00A062B6 /* SyncTimerWatch Watch AppUITests.xctest */ = {isa = PBXFileReference; explicitFileType = wrapper.cfbundle; includeInIndex = 0; path = "SyncTimerWatch Watch AppUITests.xctest"; sourceTree = BUILT_PRODUCTS_DIR; };
		9640DBA32DF695F0002688A4 /* WatchConnectivity.framework */ = {isa = PBXFileReference; lastKnownFileType = wrapper.framework; name = WatchConnectivity.framework; path = System/Library/Frameworks/WatchConnectivity.framework; sourceTree = SDKROOT; };
		967A68D92F0DDD1E00FCD067 /* SyncTimerJoinClip.app */ = {isa = PBXFileReference; explicitFileType = wrapper.application; includeInIndex = 0; path = SyncTimerJoinClip.app; sourceTree = BUILT_PRODUCTS_DIR; };
		967A68EC2F0DDD1F00FCD067 /* SyncTimerJoinClipTests.xctest */ = {isa = PBXFileReference; explicitFileType = wrapper.cfbundle; includeInIndex = 0; path = SyncTimerJoinClipTests.xctest; sourceTree = BUILT_PRODUCTS_DIR; };
		967A68F62F0DDD1F00FCD067 /* SyncTimerJoinClipUITests.xctest */ = {isa = PBXFileReference; explicitFileType = wrapper.cfbundle; includeInIndex = 0; path = SyncTimerJoinClipUITests.xctest; sourceTree = BUILT_PRODUCTS_DIR; };
		96A52D8E2DEBD95A00136C53 /* LinkKit.xcframework */ = {isa = PBXFileReference; lastKnownFileType = wrapper.xcframework; path = LinkKit.xcframework; sourceTree = "<group>"; };
		96DB420D2DE84D160027E9AA /* SyncTimer.app */ = {isa = PBXFileReference; explicitFileType = wrapper.application; includeInIndex = 0; path = SyncTimer.app; sourceTree = BUILT_PRODUCTS_DIR; };
		96DB421D2DE84D190027E9AA /* SyncTimerTests.xctest */ = {isa = PBXFileReference; explicitFileType = wrapper.cfbundle; includeInIndex = 0; path = SyncTimerTests.xctest; sourceTree = BUILT_PRODUCTS_DIR; };
		96DB42272DE84D190027E9AA /* SyncTimerUITests.xctest */ = {isa = PBXFileReference; explicitFileType = wrapper.cfbundle; includeInIndex = 0; path = SyncTimerUITests.xctest; sourceTree = BUILT_PRODUCTS_DIR; };
		96DF20292E79311700FFB580 /* TimerMessage+Wire.swift */ = {isa = PBXFileReference; lastKnownFileType = sourcecode.swift; path = "TimerMessage+Wire.swift"; sourceTree = "<group>"; };
		96F296122E793F130039B071 /* ConnectivityManager.swift */ = {isa = PBXFileReference; lastKnownFileType = sourcecode.swift; path = ConnectivityManager.swift; sourceTree = "<group>"; };
		96F296132E793F130039B071 /* ControlRequest.swift */ = {isa = PBXFileReference; lastKnownFileType = sourcecode.swift; path = ControlRequest.swift; sourceTree = "<group>"; };
/* End PBXFileReference section */

/* Begin PBXFileSystemSynchronizedBuildFileExceptionSet section */
		967A69092F0DDD1F00FCD067 /* Exceptions for "SyncTimerJoinClip" folder in "SyncTimerJoinClip" target */ = {
			isa = PBXFileSystemSynchronizedBuildFileExceptionSet;
			membershipExceptions = (
				Info.plist,
			);
			target = 967A68D82F0DDD1E00FCD067 /* SyncTimerJoinClip */;
		};
		967A69382F0DE46500FCD067 /* Exceptions for "Join" folder in "SyncTimerJoinClip" target */ = {
			isa = PBXFileSystemSynchronizedBuildFileExceptionSet;
			membershipExceptions = (
				JoinHandoffStore.swift,
				JoinLinkParser.swift,
				JoinRequestV1.swift,
				JoinRouter.swift,
			);
			target = 967A68D82F0DDD1E00FCD067 /* SyncTimerJoinClip */;
		};
		967A693D2F0DE50900FCD067 /* Exceptions for "Watch" folder in "SyncTimer" target */ = {
			isa = PBXFileSystemSynchronizedBuildFileExceptionSet;
			membershipExceptions = (
				WatchSyncTimerApp.swift,
			);
			target = 96DB420C2DE84D160027E9AA /* SyncTimer */;
		};
		967A693F2F0DE72B00FCD067 /* Exceptions for "SyncTimer" folder in "SyncTimerJoinClip" target */ = {
			isa = PBXFileSystemSynchronizedBuildFileExceptionSet;
			membershipExceptions = (
				AppIcon.icon,
			);
			target = 967A68D82F0DDD1E00FCD067 /* SyncTimerJoinClip */;
		};
		968E1B0A2E79329900F79392 /* Exceptions for "Watch" folder in "SyncTimerWatch Watch App" target */ = {
			isa = PBXFileSystemSynchronizedBuildFileExceptionSet;
			membershipExceptions = (
				NowView.swift,
				WatchSyncTimerApp.swift,
			);
			target = 9636A7412E791DBB00A062B6 /* SyncTimerWatch Watch App */;
		};
		96E952D52F0B5071009EFC34 /* Exceptions for "SyncTimer" folder in "SyncTimerWatch Watch App" target */ = {
			isa = PBXFileSystemSynchronizedBuildFileExceptionSet;
			membershipExceptions = (
				AppIcon.icon,
			);
			target = 9636A7412E791DBB00A062B6 /* SyncTimerWatch Watch App */;
		};
		96F6611B2E0D304B00F78CC3 /* Exceptions for "SyncTimer" folder in "SyncTimer" target */ = {
			isa = PBXFileSystemSynchronizedBuildFileExceptionSet;
			membershipExceptions = (
				Info.plist,
			);
			target = 96DB420C2DE84D160027E9AA /* SyncTimer */;
		};
/* End PBXFileSystemSynchronizedBuildFileExceptionSet section */

/* Begin PBXFileSystemSynchronizedRootGroup section */
		9636A7432E791DBB00A062B6 /* SyncTimerWatch Watch App */ = {
			isa = PBXFileSystemSynchronizedRootGroup;
			path = "SyncTimerWatch Watch App";
			sourceTree = "<group>";
		};
		9636A7512E791DBD00A062B6 /* SyncTimerWatch Watch AppTests */ = {
			isa = PBXFileSystemSynchronizedRootGroup;
			path = "SyncTimerWatch Watch AppTests";
			sourceTree = "<group>";
		};
		9636A75B2E791DBD00A062B6 /* SyncTimerWatch Watch AppUITests */ = {
			isa = PBXFileSystemSynchronizedRootGroup;
			path = "SyncTimerWatch Watch AppUITests";
			sourceTree = "<group>";
		};
		967A68DA2F0DDD1E00FCD067 /* SyncTimerJoinClip */ = {
			isa = PBXFileSystemSynchronizedRootGroup;
			exceptions = (
				967A69092F0DDD1F00FCD067 /* Exceptions for "SyncTimerJoinClip" folder in "SyncTimerJoinClip" target */,
			);
			path = SyncTimerJoinClip;
			sourceTree = "<group>";
		};
		967A68EF2F0DDD1F00FCD067 /* SyncTimerJoinClipTests */ = {
			isa = PBXFileSystemSynchronizedRootGroup;
			path = SyncTimerJoinClipTests;
			sourceTree = "<group>";
		};
		967A68F92F0DDD1F00FCD067 /* SyncTimerJoinClipUITests */ = {
			isa = PBXFileSystemSynchronizedRootGroup;
			path = SyncTimerJoinClipUITests;
			sourceTree = "<group>";
		};
		967A69312F0DE3CF00FCD067 /* Join */ = {
			isa = PBXFileSystemSynchronizedRootGroup;
			exceptions = (
				967A69382F0DE46500FCD067 /* Exceptions for "Join" folder in "SyncTimerJoinClip" target */,
			);
			path = Join;
			sourceTree = "<group>";
		};
		968E1B082E79328D00F79392 /* Watch */ = {
			isa = PBXFileSystemSynchronizedRootGroup;
			exceptions = (
				967A693D2F0DE50900FCD067 /* Exceptions for "Watch" folder in "SyncTimer" target */,
				968E1B0A2E79329900F79392 /* Exceptions for "Watch" folder in "SyncTimerWatch Watch App" target */,
			);
			path = Watch;
			sourceTree = "<group>";
		};
		96DB420F2DE84D160027E9AA /* SyncTimer */ = {
			isa = PBXFileSystemSynchronizedRootGroup;
			exceptions = (
				96F6611B2E0D304B00F78CC3 /* Exceptions for "SyncTimer" folder in "SyncTimer" target */,
				96E952D52F0B5071009EFC34 /* Exceptions for "SyncTimer" folder in "SyncTimerWatch Watch App" target */,
				967A693F2F0DE72B00FCD067 /* Exceptions for "SyncTimer" folder in "SyncTimerJoinClip" target */,
			);
			path = SyncTimer;
			sourceTree = "<group>";
		};
		96DB42202DE84D190027E9AA /* SyncTimerTests */ = {
			isa = PBXFileSystemSynchronizedRootGroup;
			path = SyncTimerTests;
			sourceTree = "<group>";
		};
		96DB422A2DE84D190027E9AA /* SyncTimerUITests */ = {
			isa = PBXFileSystemSynchronizedRootGroup;
			path = SyncTimerUITests;
			sourceTree = "<group>";
		};
/* End PBXFileSystemSynchronizedRootGroup section */

/* Begin PBXFrameworksBuildPhase section */
		9636A73F2E791DBB00A062B6 /* Frameworks */ = {
			isa = PBXFrameworksBuildPhase;
			buildActionMask = 2147483647;
			files = (
				968E1B102E79389800F79392 /* WatchConnectivity.framework in Frameworks */,
			);
			runOnlyForDeploymentPostprocessing = 0;
		};
		9636A74B2E791DBD00A062B6 /* Frameworks */ = {
			isa = PBXFrameworksBuildPhase;
			buildActionMask = 2147483647;
			files = (
			);
			runOnlyForDeploymentPostprocessing = 0;
		};
		9636A7552E791DBD00A062B6 /* Frameworks */ = {
			isa = PBXFrameworksBuildPhase;
			buildActionMask = 2147483647;
			files = (
			);
			runOnlyForDeploymentPostprocessing = 0;
		};
		967A68D62F0DDD1E00FCD067 /* Frameworks */ = {
			isa = PBXFrameworksBuildPhase;
			buildActionMask = 2147483647;
			files = (
			);
			runOnlyForDeploymentPostprocessing = 0;
		};
		967A68E92F0DDD1F00FCD067 /* Frameworks */ = {
			isa = PBXFrameworksBuildPhase;
			buildActionMask = 2147483647;
			files = (
			);
			runOnlyForDeploymentPostprocessing = 0;
		};
		967A68F32F0DDD1F00FCD067 /* Frameworks */ = {
			isa = PBXFrameworksBuildPhase;
			buildActionMask = 2147483647;
			files = (
			);
			runOnlyForDeploymentPostprocessing = 0;
		};
		96DB420A2DE84D160027E9AA /* Frameworks */ = {
			isa = PBXFrameworksBuildPhase;
			buildActionMask = 2147483647;
			files = (
				9636A7392E79193100A062B6 /* WatchConnectivity.framework in Frameworks */,
			);
			runOnlyForDeploymentPostprocessing = 0;
		};
		96DB421A2DE84D190027E9AA /* Frameworks */ = {
			isa = PBXFrameworksBuildPhase;
			buildActionMask = 2147483647;
			files = (
			);
			runOnlyForDeploymentPostprocessing = 0;
		};
		96DB42242DE84D190027E9AA /* Frameworks */ = {
			isa = PBXFrameworksBuildPhase;
			buildActionMask = 2147483647;
			files = (
			);
			runOnlyForDeploymentPostprocessing = 0;
		};
/* End PBXFrameworksBuildPhase section */

/* Begin PBXGroup section */
		966A133E2DF6F11500C2ADF2 /* Shared */ = {
			isa = PBXGroup;
			children = (
				961396B22E0D503800B847F3 /* StopEventWire.swift */,
				96DF20292E79311700FFB580 /* TimerMessage+Wire.swift */,
				96F296122E793F130039B071 /* ConnectivityManager.swift */,
				96F296132E793F130039B071 /* ControlRequest.swift */,
				967A69312F0DE3CF00FCD067 /* Join */,
			);
			path = Shared;
			sourceTree = "<group>";
		};
		96DB42042DE84D160027E9AA = {
			isa = PBXGroup;
			children = (
				96DB420F2DE84D160027E9AA /* SyncTimer */,
				96DB42202DE84D190027E9AA /* SyncTimerTests */,
				96DB422A2DE84D190027E9AA /* SyncTimerUITests */,
				9636A7432E791DBB00A062B6 /* SyncTimerWatch Watch App */,
				9636A7512E791DBD00A062B6 /* SyncTimerWatch Watch AppTests */,
				9636A75B2E791DBD00A062B6 /* SyncTimerWatch Watch AppUITests */,
				967A68DA2F0DDD1E00FCD067 /* SyncTimerJoinClip */,
				967A68EF2F0DDD1F00FCD067 /* SyncTimerJoinClipTests */,
				967A68F92F0DDD1F00FCD067 /* SyncTimerJoinClipUITests */,
				96E33BE82DEBEB6600244D10 /* Frameworks */,
				96DB420E2DE84D160027E9AA /* Products */,
				966A133E2DF6F11500C2ADF2 /* Shared */,
				968E1B082E79328D00F79392 /* Watch */,
			);
			sourceTree = "<group>";
		};
		96DB420E2DE84D160027E9AA /* Products */ = {
			isa = PBXGroup;
			children = (
				96DB420D2DE84D160027E9AA /* SyncTimer.app */,
				96DB421D2DE84D190027E9AA /* SyncTimerTests.xctest */,
				96DB42272DE84D190027E9AA /* SyncTimerUITests.xctest */,
				96A52D8E2DEBD95A00136C53 /* LinkKit.xcframework */,
				9636A7422E791DBB00A062B6 /* SyncTimerWatch Watch App.app */,
				9636A74E2E791DBD00A062B6 /* SyncTimerWatch Watch AppTests.xctest */,
				9636A7582E791DBD00A062B6 /* SyncTimerWatch Watch AppUITests.xctest */,
				967A68D92F0DDD1E00FCD067 /* SyncTimerJoinClip.app */,
				967A68EC2F0DDD1F00FCD067 /* SyncTimerJoinClipTests.xctest */,
				967A68F62F0DDD1F00FCD067 /* SyncTimerJoinClipUITests.xctest */,
			);
			name = Products;
			sourceTree = "<group>";
		};
		96E33BE82DEBEB6600244D10 /* Frameworks */ = {
			isa = PBXGroup;
			children = (
				9640DBA32DF695F0002688A4 /* WatchConnectivity.framework */,
			);
			name = Frameworks;
			sourceTree = "<group>";
		};
/* End PBXGroup section */

/* Begin PBXNativeTarget section */
		9636A7412E791DBB00A062B6 /* SyncTimerWatch Watch App */ = {
			isa = PBXNativeTarget;
			buildConfigurationList = 9636A7632E791DBD00A062B6 /* Build configuration list for PBXNativeTarget "SyncTimerWatch Watch App" */;
			buildPhases = (
				9636A73E2E791DBB00A062B6 /* Sources */,
				9636A73F2E791DBB00A062B6 /* Frameworks */,
				9636A7402E791DBB00A062B6 /* Resources */,
			);
			buildRules = (
			);
			dependencies = (
			);
			fileSystemSynchronizedGroups = (
				9636A7432E791DBB00A062B6 /* SyncTimerWatch Watch App */,
			);
			name = "SyncTimerWatch Watch App";
			packageProductDependencies = (
			);
			productName = "SyncTimerWatch Watch App";
			productReference = 9636A7422E791DBB00A062B6 /* SyncTimerWatch Watch App.app */;
			productType = "com.apple.product-type.application";
		};
		9636A74D2E791DBD00A062B6 /* SyncTimerWatch Watch AppTests */ = {
			isa = PBXNativeTarget;
			buildConfigurationList = 9636A7662E791DBD00A062B6 /* Build configuration list for PBXNativeTarget "SyncTimerWatch Watch AppTests" */;
			buildPhases = (
				9636A74A2E791DBD00A062B6 /* Sources */,
				9636A74B2E791DBD00A062B6 /* Frameworks */,
				9636A74C2E791DBD00A062B6 /* Resources */,
			);
			buildRules = (
			);
			dependencies = (
				9636A7502E791DBD00A062B6 /* PBXTargetDependency */,
			);
			fileSystemSynchronizedGroups = (
				9636A7512E791DBD00A062B6 /* SyncTimerWatch Watch AppTests */,
			);
			name = "SyncTimerWatch Watch AppTests";
			packageProductDependencies = (
			);
			productName = "SyncTimerWatch Watch AppTests";
			productReference = 9636A74E2E791DBD00A062B6 /* SyncTimerWatch Watch AppTests.xctest */;
			productType = "com.apple.product-type.bundle.unit-test";
		};
		9636A7572E791DBD00A062B6 /* SyncTimerWatch Watch AppUITests */ = {
			isa = PBXNativeTarget;
			buildConfigurationList = 9636A7692E791DBD00A062B6 /* Build configuration list for PBXNativeTarget "SyncTimerWatch Watch AppUITests" */;
			buildPhases = (
				9636A7542E791DBD00A062B6 /* Sources */,
				9636A7552E791DBD00A062B6 /* Frameworks */,
				9636A7562E791DBD00A062B6 /* Resources */,
			);
			buildRules = (
			);
			dependencies = (
				9636A75A2E791DBD00A062B6 /* PBXTargetDependency */,
			);
			fileSystemSynchronizedGroups = (
				9636A75B2E791DBD00A062B6 /* SyncTimerWatch Watch AppUITests */,
			);
			name = "SyncTimerWatch Watch AppUITests";
			packageProductDependencies = (
			);
			productName = "SyncTimerWatch Watch AppUITests";
			productReference = 9636A7582E791DBD00A062B6 /* SyncTimerWatch Watch AppUITests.xctest */;
			productType = "com.apple.product-type.bundle.ui-testing";
		};
		967A68D82F0DDD1E00FCD067 /* SyncTimerJoinClip */ = {
			isa = PBXNativeTarget;
			buildConfigurationList = 967A69082F0DDD1F00FCD067 /* Build configuration list for PBXNativeTarget "SyncTimerJoinClip" */;
			buildPhases = (
				967A68D52F0DDD1E00FCD067 /* Sources */,
				967A68D62F0DDD1E00FCD067 /* Frameworks */,
				967A68D72F0DDD1E00FCD067 /* Resources */,
			);
			buildRules = (
			);
			dependencies = (
			);
			fileSystemSynchronizedGroups = (
				967A68DA2F0DDD1E00FCD067 /* SyncTimerJoinClip */,
			);
			name = SyncTimerJoinClip;
			packageProductDependencies = (
			);
			productName = SyncTimerJoinClip;
			productReference = 967A68D92F0DDD1E00FCD067 /* SyncTimerJoinClip.app */;
			productType = "com.apple.product-type.application.on-demand-install-capable";
		};
		967A68EB2F0DDD1F00FCD067 /* SyncTimerJoinClipTests */ = {
			isa = PBXNativeTarget;
			buildConfigurationList = 967A690A2F0DDD1F00FCD067 /* Build configuration list for PBXNativeTarget "SyncTimerJoinClipTests" */;
			buildPhases = (
				967A68E82F0DDD1F00FCD067 /* Sources */,
				967A68E92F0DDD1F00FCD067 /* Frameworks */,
				967A68EA2F0DDD1F00FCD067 /* Resources */,
			);
			buildRules = (
			);
			dependencies = (
				967A68EE2F0DDD1F00FCD067 /* PBXTargetDependency */,
			);
			fileSystemSynchronizedGroups = (
				967A68EF2F0DDD1F00FCD067 /* SyncTimerJoinClipTests */,
			);
			name = SyncTimerJoinClipTests;
			packageProductDependencies = (
			);
			productName = SyncTimerJoinClipTests;
			productReference = 967A68EC2F0DDD1F00FCD067 /* SyncTimerJoinClipTests.xctest */;
			productType = "com.apple.product-type.bundle.unit-test";
		};
		967A68F52F0DDD1F00FCD067 /* SyncTimerJoinClipUITests */ = {
			isa = PBXNativeTarget;
			buildConfigurationList = 967A690B2F0DDD1F00FCD067 /* Build configuration list for PBXNativeTarget "SyncTimerJoinClipUITests" */;
			buildPhases = (
				967A68F22F0DDD1F00FCD067 /* Sources */,
				967A68F32F0DDD1F00FCD067 /* Frameworks */,
				967A68F42F0DDD1F00FCD067 /* Resources */,
			);
			buildRules = (
			);
			dependencies = (
				967A68F82F0DDD1F00FCD067 /* PBXTargetDependency */,
			);
			fileSystemSynchronizedGroups = (
				967A68F92F0DDD1F00FCD067 /* SyncTimerJoinClipUITests */,
			);
			name = SyncTimerJoinClipUITests;
			packageProductDependencies = (
			);
			productName = SyncTimerJoinClipUITests;
			productReference = 967A68F62F0DDD1F00FCD067 /* SyncTimerJoinClipUITests.xctest */;
			productType = "com.apple.product-type.bundle.ui-testing";
		};
		96DB420C2DE84D160027E9AA /* SyncTimer */ = {
			isa = PBXNativeTarget;
			buildConfigurationList = 96DB42312DE84D190027E9AA /* Build configuration list for PBXNativeTarget "SyncTimer" */;
			buildPhases = (
				96DB42092DE84D160027E9AA /* Sources */,
				96DB420A2DE84D160027E9AA /* Frameworks */,
				96DB420B2DE84D160027E9AA /* Resources */,
				9633A7042DF6CCFD00875623 /* CopyFiles */,
				962A5F1B2E0D53AE005A36E9 /* Embed Watch Content */,
				967A69012F0DDD1F00FCD067 /* Embed App Clips */,
			);
			buildRules = (
			);
			dependencies = (
				9636A7612E791DBD00A062B6 /* PBXTargetDependency */,
				967A68FF2F0DDD1F00FCD067 /* PBXTargetDependency */,
			);
			fileSystemSynchronizedGroups = (
				967A69312F0DE3CF00FCD067 /* Join */,
				968E1B082E79328D00F79392 /* Watch */,
				96DB420F2DE84D160027E9AA /* SyncTimer */,
			);
			name = SyncTimer;
			packageProductDependencies = (
			);
			productName = SyncTimer;
			productReference = 96DB420D2DE84D160027E9AA /* SyncTimer.app */;
			productType = "com.apple.product-type.application";
		};
		96DB421C2DE84D190027E9AA /* SyncTimerTests */ = {
			isa = PBXNativeTarget;
			buildConfigurationList = 96DB42342DE84D190027E9AA /* Build configuration list for PBXNativeTarget "SyncTimerTests" */;
			buildPhases = (
				96DB42192DE84D190027E9AA /* Sources */,
				96DB421A2DE84D190027E9AA /* Frameworks */,
				96DB421B2DE84D190027E9AA /* Resources */,
			);
			buildRules = (
			);
			dependencies = (
				96DB421F2DE84D190027E9AA /* PBXTargetDependency */,
			);
			fileSystemSynchronizedGroups = (
				96DB42202DE84D190027E9AA /* SyncTimerTests */,
			);
			name = SyncTimerTests;
			packageProductDependencies = (
			);
			productName = SyncTimerTests;
			productReference = 96DB421D2DE84D190027E9AA /* SyncTimerTests.xctest */;
			productType = "com.apple.product-type.bundle.unit-test";
		};
		96DB42262DE84D190027E9AA /* SyncTimerUITests */ = {
			isa = PBXNativeTarget;
			buildConfigurationList = 96DB42372DE84D190027E9AA /* Build configuration list for PBXNativeTarget "SyncTimerUITests" */;
			buildPhases = (
				96DB42232DE84D190027E9AA /* Sources */,
				96DB42242DE84D190027E9AA /* Frameworks */,
				96DB42252DE84D190027E9AA /* Resources */,
			);
			buildRules = (
			);
			dependencies = (
				96DB42292DE84D190027E9AA /* PBXTargetDependency */,
			);
			fileSystemSynchronizedGroups = (
				96DB422A2DE84D190027E9AA /* SyncTimerUITests */,
			);
			name = SyncTimerUITests;
			packageProductDependencies = (
			);
			productName = SyncTimerUITests;
			productReference = 96DB42272DE84D190027E9AA /* SyncTimerUITests.xctest */;
			productType = "com.apple.product-type.bundle.ui-testing";
		};
/* End PBXNativeTarget section */

/* Begin PBXProject section */
		96DB42052DE84D160027E9AA /* Project object */ = {
			isa = PBXProject;
			attributes = {
				BuildIndependentTargetsInParallel = 1;
				LastSwiftUpdateCheck = 2600;
				LastUpgradeCheck = 1620;
				TargetAttributes = {
					9636A7412E791DBB00A062B6 = {
						CreatedOnToolsVersion = 26.0;
					};
					9636A74D2E791DBD00A062B6 = {
						CreatedOnToolsVersion = 26.0;
						TestTargetID = 9636A7412E791DBB00A062B6;
					};
					9636A7572E791DBD00A062B6 = {
						CreatedOnToolsVersion = 26.0;
						TestTargetID = 9636A7412E791DBB00A062B6;
					};
					967A68D82F0DDD1E00FCD067 = {
						CreatedOnToolsVersion = 26.0.1;
					};
					967A68EB2F0DDD1F00FCD067 = {
						CreatedOnToolsVersion = 26.0.1;
						TestTargetID = 967A68D82F0DDD1E00FCD067;
					};
					967A68F52F0DDD1F00FCD067 = {
						CreatedOnToolsVersion = 26.0.1;
						TestTargetID = 967A68D82F0DDD1E00FCD067;
					};
					96DB420C2DE84D160027E9AA = {
						CreatedOnToolsVersion = 16.2;
					};
					96DB421C2DE84D190027E9AA = {
						CreatedOnToolsVersion = 16.2;
						TestTargetID = 96DB420C2DE84D160027E9AA;
					};
					96DB42262DE84D190027E9AA = {
						CreatedOnToolsVersion = 16.2;
						TestTargetID = 96DB420C2DE84D160027E9AA;
					};
				};
			};
			buildConfigurationList = 96DB42082DE84D160027E9AA /* Build configuration list for PBXProject "SyncTimer" */;
			developmentRegion = en;
			hasScannedForEncodings = 0;
			knownRegions = (
				en,
				Base,
			);
			mainGroup = 96DB42042DE84D160027E9AA;
			minimizedProjectReferenceProxies = 1;
			packageReferences = (
			);
			preferredProjectObjectVersion = 77;
			productRefGroup = 96DB420E2DE84D160027E9AA /* Products */;
			projectDirPath = "";
			projectRoot = "";
			targets = (
				96DB420C2DE84D160027E9AA /* SyncTimer */,
				96DB421C2DE84D190027E9AA /* SyncTimerTests */,
				96DB42262DE84D190027E9AA /* SyncTimerUITests */,
				9636A7412E791DBB00A062B6 /* SyncTimerWatch Watch App */,
				9636A74D2E791DBD00A062B6 /* SyncTimerWatch Watch AppTests */,
				9636A7572E791DBD00A062B6 /* SyncTimerWatch Watch AppUITests */,
				967A68D82F0DDD1E00FCD067 /* SyncTimerJoinClip */,
				967A68EB2F0DDD1F00FCD067 /* SyncTimerJoinClipTests */,
				967A68F52F0DDD1F00FCD067 /* SyncTimerJoinClipUITests */,
			);
		};
/* End PBXProject section */

/* Begin PBXResourcesBuildPhase section */
		9636A7402E791DBB00A062B6 /* Resources */ = {
			isa = PBXResourcesBuildPhase;
			buildActionMask = 2147483647;
			files = (
			);
			runOnlyForDeploymentPostprocessing = 0;
		};
		9636A74C2E791DBD00A062B6 /* Resources */ = {
			isa = PBXResourcesBuildPhase;
			buildActionMask = 2147483647;
			files = (
			);
			runOnlyForDeploymentPostprocessing = 0;
		};
		9636A7562E791DBD00A062B6 /* Resources */ = {
			isa = PBXResourcesBuildPhase;
			buildActionMask = 2147483647;
			files = (
			);
			runOnlyForDeploymentPostprocessing = 0;
		};
		967A68D72F0DDD1E00FCD067 /* Resources */ = {
			isa = PBXResourcesBuildPhase;
			buildActionMask = 2147483647;
			files = (
			);
			runOnlyForDeploymentPostprocessing = 0;
		};
		967A68EA2F0DDD1F00FCD067 /* Resources */ = {
			isa = PBXResourcesBuildPhase;
			buildActionMask = 2147483647;
			files = (
			);
			runOnlyForDeploymentPostprocessing = 0;
		};
		967A68F42F0DDD1F00FCD067 /* Resources */ = {
			isa = PBXResourcesBuildPhase;
			buildActionMask = 2147483647;
			files = (
			);
			runOnlyForDeploymentPostprocessing = 0;
		};
		96DB420B2DE84D160027E9AA /* Resources */ = {
			isa = PBXResourcesBuildPhase;
			buildActionMask = 2147483647;
			files = (
				961396D22E0D503800B847F3 /* StopEventWire.swift in Resources */,
			);
			runOnlyForDeploymentPostprocessing = 0;
		};
		96DB421B2DE84D190027E9AA /* Resources */ = {
			isa = PBXResourcesBuildPhase;
			buildActionMask = 2147483647;
			files = (
			);
			runOnlyForDeploymentPostprocessing = 0;
		};
		96DB42252DE84D190027E9AA /* Resources */ = {
			isa = PBXResourcesBuildPhase;
			buildActionMask = 2147483647;
			files = (
			);
			runOnlyForDeploymentPostprocessing = 0;
		};
/* End PBXResourcesBuildPhase section */

/* Begin PBXSourcesBuildPhase section */
		9636A73E2E791DBB00A062B6 /* Sources */ = {
			isa = PBXSourcesBuildPhase;
			buildActionMask = 2147483647;
			files = (
				96F2965D2E793F130039B071 /* ConnectivityManager.swift in Sources */,
				96F2965E2E793F130039B071 /* ControlRequest.swift in Sources */,
				968E1B0C2E79357500F79392 /* StopEventWire.swift in Sources */,
				96DF202B2E79312800FFB580 /* TimerMessage+Wire.swift in Sources */,
			);
			runOnlyForDeploymentPostprocessing = 0;
		};
		9636A74A2E791DBD00A062B6 /* Sources */ = {
			isa = PBXSourcesBuildPhase;
			buildActionMask = 2147483647;
			files = (
			);
			runOnlyForDeploymentPostprocessing = 0;
		};
		9636A7542E791DBD00A062B6 /* Sources */ = {
			isa = PBXSourcesBuildPhase;
			buildActionMask = 2147483647;
			files = (
			);
			runOnlyForDeploymentPostprocessing = 0;
		};
		967A68D52F0DDD1E00FCD067 /* Sources */ = {
			isa = PBXSourcesBuildPhase;
			buildActionMask = 2147483647;
			files = (
			);
			runOnlyForDeploymentPostprocessing = 0;
		};
		967A68E82F0DDD1F00FCD067 /* Sources */ = {
			isa = PBXSourcesBuildPhase;
			buildActionMask = 2147483647;
			files = (
			);
			runOnlyForDeploymentPostprocessing = 0;
		};
		967A68F22F0DDD1F00FCD067 /* Sources */ = {
			isa = PBXSourcesBuildPhase;
			buildActionMask = 2147483647;
			files = (
			);
			runOnlyForDeploymentPostprocessing = 0;
		};
		96DB42092DE84D160027E9AA /* Sources */ = {
			isa = PBXSourcesBuildPhase;
			buildActionMask = 2147483647;
			files = (
				961396C22E0D503800B847F3 /* StopEventWire.swift in Sources */,
				96DF202A2E79311700FFB580 /* TimerMessage+Wire.swift in Sources */,
				96F296442E793F130039B071 /* ConnectivityManager.swift in Sources */,
				96F296452E793F130039B071 /* ControlRequest.swift in Sources */,
			);
			runOnlyForDeploymentPostprocessing = 0;
		};
		96DB42192DE84D190027E9AA /* Sources */ = {
			isa = PBXSourcesBuildPhase;
			buildActionMask = 2147483647;
			files = (
			);
			runOnlyForDeploymentPostprocessing = 0;
		};
		96DB42232DE84D190027E9AA /* Sources */ = {
			isa = PBXSourcesBuildPhase;
			buildActionMask = 2147483647;
			files = (
			);
			runOnlyForDeploymentPostprocessing = 0;
		};
/* End PBXSourcesBuildPhase section */

/* Begin PBXTargetDependency section */
		9636A7502E791DBD00A062B6 /* PBXTargetDependency */ = {
			isa = PBXTargetDependency;
			target = 9636A7412E791DBB00A062B6 /* SyncTimerWatch Watch App */;
			targetProxy = 9636A74F2E791DBD00A062B6 /* PBXContainerItemProxy */;
		};
		9636A75A2E791DBD00A062B6 /* PBXTargetDependency */ = {
			isa = PBXTargetDependency;
			target = 9636A7412E791DBB00A062B6 /* SyncTimerWatch Watch App */;
			targetProxy = 9636A7592E791DBD00A062B6 /* PBXContainerItemProxy */;
		};
		9636A7612E791DBD00A062B6 /* PBXTargetDependency */ = {
			isa = PBXTargetDependency;
			platformFilter = ios;
			target = 9636A7412E791DBB00A062B6 /* SyncTimerWatch Watch App */;
			targetProxy = 9636A7602E791DBD00A062B6 /* PBXContainerItemProxy */;
		};
		967A68EE2F0DDD1F00FCD067 /* PBXTargetDependency */ = {
			isa = PBXTargetDependency;
			target = 967A68D82F0DDD1E00FCD067 /* SyncTimerJoinClip */;
			targetProxy = 967A68ED2F0DDD1F00FCD067 /* PBXContainerItemProxy */;
		};
		967A68F82F0DDD1F00FCD067 /* PBXTargetDependency */ = {
			isa = PBXTargetDependency;
			target = 967A68D82F0DDD1E00FCD067 /* SyncTimerJoinClip */;
			targetProxy = 967A68F72F0DDD1F00FCD067 /* PBXContainerItemProxy */;
		};
		967A68FF2F0DDD1F00FCD067 /* PBXTargetDependency */ = {
			isa = PBXTargetDependency;
			platformFilter = ios;
			target = 967A68D82F0DDD1E00FCD067 /* SyncTimerJoinClip */;
			targetProxy = 967A68FE2F0DDD1F00FCD067 /* PBXContainerItemProxy */;
		};
		96DB421F2DE84D190027E9AA /* PBXTargetDependency */ = {
			isa = PBXTargetDependency;
			target = 96DB420C2DE84D160027E9AA /* SyncTimer */;
			targetProxy = 96DB421E2DE84D190027E9AA /* PBXContainerItemProxy */;
		};
		96DB42292DE84D190027E9AA /* PBXTargetDependency */ = {
			isa = PBXTargetDependency;
			target = 96DB420C2DE84D160027E9AA /* SyncTimer */;
			targetProxy = 96DB42282DE84D190027E9AA /* PBXContainerItemProxy */;
		};
/* End PBXTargetDependency section */

/* Begin XCBuildConfiguration section */
		9636A7642E791DBD00A062B6 /* Debug */ = {
			isa = XCBuildConfiguration;
			buildSettings = {
				ASSETCATALOG_COMPILER_APPICON_NAME = AppIcon;
				ASSETCATALOG_COMPILER_GLOBAL_ACCENT_COLOR_NAME = AccentColor;
				CODE_SIGN_STYLE = Automatic;
				CURRENT_PROJECT_VERSION = 1;
				DEVELOPMENT_TEAM = S74572Q65M;
				ENABLE_PREVIEWS = YES;
				GENERATE_INFOPLIST_FILE = YES;
				INFOPLIST_KEY_CFBundleDisplayName = SyncTimerWatch;
				INFOPLIST_KEY_UISupportedInterfaceOrientations = "UIInterfaceOrientationPortrait UIInterfaceOrientationPortraitUpsideDown";
				INFOPLIST_KEY_WKCompanionAppBundleIdentifier = com.StageDevices.SyncTimer;
				LD_RUNPATH_SEARCH_PATHS = (
					"$(inherited)",
					"@executable_path/Frameworks",
				);
				MARKETING_VERSION = 0.1;
				PRODUCT_BUNDLE_IDENTIFIER = com.StageDevices.SyncTimer.watchkitapp;
				PRODUCT_NAME = "$(TARGET_NAME)";
				SDKROOT = watchos;
				SKIP_INSTALL = YES;
				STRING_CATALOG_GENERATE_SYMBOLS = YES;
				SWIFT_APPROACHABLE_CONCURRENCY = YES;
				SWIFT_DEFAULT_ACTOR_ISOLATION = MainActor;
				SWIFT_EMIT_LOC_STRINGS = YES;
				SWIFT_UPCOMING_FEATURE_MEMBER_IMPORT_VISIBILITY = YES;
				SWIFT_VERSION = 5.0;
				TARGETED_DEVICE_FAMILY = 4;
				WATCHOS_DEPLOYMENT_TARGET = 26.0;
			};
			name = Debug;
		};
		9636A7652E791DBD00A062B6 /* Release */ = {
			isa = XCBuildConfiguration;
			buildSettings = {
				ASSETCATALOG_COMPILER_APPICON_NAME = AppIcon;
				ASSETCATALOG_COMPILER_GLOBAL_ACCENT_COLOR_NAME = AccentColor;
				CODE_SIGN_STYLE = Automatic;
				CURRENT_PROJECT_VERSION = 1;
				DEVELOPMENT_TEAM = S74572Q65M;
				ENABLE_PREVIEWS = YES;
				GENERATE_INFOPLIST_FILE = YES;
				INFOPLIST_KEY_CFBundleDisplayName = SyncTimerWatch;
				INFOPLIST_KEY_UISupportedInterfaceOrientations = "UIInterfaceOrientationPortrait UIInterfaceOrientationPortraitUpsideDown";
				INFOPLIST_KEY_WKCompanionAppBundleIdentifier = com.StageDevices.SyncTimer;
				LD_RUNPATH_SEARCH_PATHS = (
					"$(inherited)",
					"@executable_path/Frameworks",
				);
				MARKETING_VERSION = 0.1;
				PRODUCT_BUNDLE_IDENTIFIER = com.StageDevices.SyncTimer.watchkitapp;
				PRODUCT_NAME = "$(TARGET_NAME)";
				SDKROOT = watchos;
				SKIP_INSTALL = YES;
				STRING_CATALOG_GENERATE_SYMBOLS = YES;
				SWIFT_APPROACHABLE_CONCURRENCY = YES;
				SWIFT_DEFAULT_ACTOR_ISOLATION = MainActor;
				SWIFT_EMIT_LOC_STRINGS = YES;
				SWIFT_UPCOMING_FEATURE_MEMBER_IMPORT_VISIBILITY = YES;
				SWIFT_VERSION = 5.0;
				TARGETED_DEVICE_FAMILY = 4;
				WATCHOS_DEPLOYMENT_TARGET = 26.0;
			};
			name = Release;
		};
		9636A7672E791DBD00A062B6 /* Debug */ = {
			isa = XCBuildConfiguration;
			buildSettings = {
				BUNDLE_LOADER = "$(TEST_HOST)";
				CODE_SIGN_STYLE = Automatic;
				CURRENT_PROJECT_VERSION = 1;
				DEVELOPMENT_TEAM = S74572Q65M;
				GENERATE_INFOPLIST_FILE = YES;
				MARKETING_VERSION = 1.0;
				PRODUCT_BUNDLE_IDENTIFIER = "StageDevices.SyncTimerWatch-Watch-AppTests";
				PRODUCT_NAME = "$(TARGET_NAME)";
				SDKROOT = watchos;
				STRING_CATALOG_GENERATE_SYMBOLS = NO;
				SWIFT_APPROACHABLE_CONCURRENCY = YES;
				SWIFT_EMIT_LOC_STRINGS = NO;
				SWIFT_UPCOMING_FEATURE_MEMBER_IMPORT_VISIBILITY = YES;
				SWIFT_VERSION = 5.0;
				TARGETED_DEVICE_FAMILY = 4;
				TEST_HOST = "$(BUILT_PRODUCTS_DIR)/SyncTimerWatch Watch App.app/$(BUNDLE_EXECUTABLE_FOLDER_PATH)/SyncTimerWatch Watch App";
				WATCHOS_DEPLOYMENT_TARGET = 26.0;
			};
			name = Debug;
		};
		9636A7682E791DBD00A062B6 /* Release */ = {
			isa = XCBuildConfiguration;
			buildSettings = {
				BUNDLE_LOADER = "$(TEST_HOST)";
				CODE_SIGN_STYLE = Automatic;
				CURRENT_PROJECT_VERSION = 1;
				DEVELOPMENT_TEAM = S74572Q65M;
				GENERATE_INFOPLIST_FILE = YES;
				MARKETING_VERSION = 1.0;
				PRODUCT_BUNDLE_IDENTIFIER = "StageDevices.SyncTimerWatch-Watch-AppTests";
				PRODUCT_NAME = "$(TARGET_NAME)";
				SDKROOT = watchos;
				STRING_CATALOG_GENERATE_SYMBOLS = NO;
				SWIFT_APPROACHABLE_CONCURRENCY = YES;
				SWIFT_EMIT_LOC_STRINGS = NO;
				SWIFT_UPCOMING_FEATURE_MEMBER_IMPORT_VISIBILITY = YES;
				SWIFT_VERSION = 5.0;
				TARGETED_DEVICE_FAMILY = 4;
				TEST_HOST = "$(BUILT_PRODUCTS_DIR)/SyncTimerWatch Watch App.app/$(BUNDLE_EXECUTABLE_FOLDER_PATH)/SyncTimerWatch Watch App";
				WATCHOS_DEPLOYMENT_TARGET = 26.0;
			};
			name = Release;
		};
		9636A76A2E791DBD00A062B6 /* Debug */ = {
			isa = XCBuildConfiguration;
			buildSettings = {
				CODE_SIGN_STYLE = Automatic;
				CURRENT_PROJECT_VERSION = 1;
				DEVELOPMENT_TEAM = S74572Q65M;
				GENERATE_INFOPLIST_FILE = YES;
				MARKETING_VERSION = 1.0;
				PRODUCT_BUNDLE_IDENTIFIER = "StageDevices.SyncTimerWatch-Watch-AppUITests";
				PRODUCT_NAME = "$(TARGET_NAME)";
				SDKROOT = watchos;
				STRING_CATALOG_GENERATE_SYMBOLS = NO;
				SWIFT_APPROACHABLE_CONCURRENCY = YES;
				SWIFT_EMIT_LOC_STRINGS = NO;
				SWIFT_UPCOMING_FEATURE_MEMBER_IMPORT_VISIBILITY = YES;
				SWIFT_VERSION = 5.0;
				TARGETED_DEVICE_FAMILY = 4;
				TEST_TARGET_NAME = "SyncTimerWatch Watch App";
				WATCHOS_DEPLOYMENT_TARGET = 26.0;
			};
			name = Debug;
		};
		9636A76B2E791DBD00A062B6 /* Release */ = {
			isa = XCBuildConfiguration;
			buildSettings = {
				CODE_SIGN_STYLE = Automatic;
				CURRENT_PROJECT_VERSION = 1;
				DEVELOPMENT_TEAM = S74572Q65M;
				GENERATE_INFOPLIST_FILE = YES;
				MARKETING_VERSION = 1.0;
				PRODUCT_BUNDLE_IDENTIFIER = "StageDevices.SyncTimerWatch-Watch-AppUITests";
				PRODUCT_NAME = "$(TARGET_NAME)";
				SDKROOT = watchos;
				STRING_CATALOG_GENERATE_SYMBOLS = NO;
				SWIFT_APPROACHABLE_CONCURRENCY = YES;
				SWIFT_EMIT_LOC_STRINGS = NO;
				SWIFT_UPCOMING_FEATURE_MEMBER_IMPORT_VISIBILITY = YES;
				SWIFT_VERSION = 5.0;
				TARGETED_DEVICE_FAMILY = 4;
				TEST_TARGET_NAME = "SyncTimerWatch Watch App";
				WATCHOS_DEPLOYMENT_TARGET = 26.0;
			};
			name = Release;
		};
		967A69022F0DDD1F00FCD067 /* Debug */ = {
			isa = XCBuildConfiguration;
			buildSettings = {
				ASSETCATALOG_COMPILER_APPICON_NAME = AppIcon;
				ASSETCATALOG_COMPILER_GLOBAL_ACCENT_COLOR_NAME = AccentColor;
				CODE_SIGN_ENTITLEMENTS = SyncTimerJoinClip/SyncTimerJoinClip.entitlements;
				CODE_SIGN_IDENTITY = "Apple Development";
				CODE_SIGN_STYLE = Automatic;
				CURRENT_PROJECT_VERSION = 3;
				DEVELOPMENT_TEAM = S74572Q65M;
				ENABLE_PREVIEWS = YES;
				GENERATE_INFOPLIST_FILE = YES;
				INFOPLIST_FILE = SyncTimerJoinClip/Info.plist;
				INFOPLIST_KEY_CFBundleDisplayName = SyncTimer;
				INFOPLIST_KEY_UIApplicationSceneManifest_Generation = YES;
				INFOPLIST_KEY_UIApplicationSupportsIndirectInputEvents = YES;
				INFOPLIST_KEY_UILaunchScreen_Generation = YES;
				INFOPLIST_KEY_UISupportedInterfaceOrientations_iPad = "UIInterfaceOrientationPortrait UIInterfaceOrientationPortraitUpsideDown UIInterfaceOrientationLandscapeLeft UIInterfaceOrientationLandscapeRight";
				INFOPLIST_KEY_UISupportedInterfaceOrientations_iPhone = "UIInterfaceOrientationPortrait UIInterfaceOrientationLandscapeLeft UIInterfaceOrientationLandscapeRight";
				IPHONEOS_DEPLOYMENT_TARGET = 26.0;
				LD_RUNPATH_SEARCH_PATHS = (
					"$(inherited)",
					"@executable_path/Frameworks",
				);
				MARKETING_VERSION = 0.9;
				PRODUCT_BUNDLE_IDENTIFIER = com.StageDevices.SyncTimer.Clip;
				PRODUCT_NAME = "$(TARGET_NAME)";
				STRING_CATALOG_GENERATE_SYMBOLS = YES;
				SWIFT_APPROACHABLE_CONCURRENCY = YES;
				SWIFT_DEFAULT_ACTOR_ISOLATION = MainActor;
				SWIFT_EMIT_LOC_STRINGS = YES;
				SWIFT_UPCOMING_FEATURE_MEMBER_IMPORT_VISIBILITY = YES;
				SWIFT_VERSION = 5.0;
				TARGETED_DEVICE_FAMILY = "1,2";
			};
			name = Debug;
		};
		967A69032F0DDD1F00FCD067 /* Release */ = {
			isa = XCBuildConfiguration;
			buildSettings = {
				ASSETCATALOG_COMPILER_APPICON_NAME = AppIcon;
				ASSETCATALOG_COMPILER_GLOBAL_ACCENT_COLOR_NAME = AccentColor;
				CODE_SIGN_ENTITLEMENTS = SyncTimerJoinClip/SyncTimerJoinClip.entitlements;
				CODE_SIGN_IDENTITY = "Apple Development";
				CODE_SIGN_STYLE = Automatic;
				CURRENT_PROJECT_VERSION = 3;
				DEVELOPMENT_TEAM = S74572Q65M;
				ENABLE_PREVIEWS = YES;
				GENERATE_INFOPLIST_FILE = YES;
				INFOPLIST_FILE = SyncTimerJoinClip/Info.plist;
				INFOPLIST_KEY_CFBundleDisplayName = SyncTimer;
				INFOPLIST_KEY_UIApplicationSceneManifest_Generation = YES;
				INFOPLIST_KEY_UIApplicationSupportsIndirectInputEvents = YES;
				INFOPLIST_KEY_UILaunchScreen_Generation = YES;
				INFOPLIST_KEY_UISupportedInterfaceOrientations_iPad = "UIInterfaceOrientationPortrait UIInterfaceOrientationPortraitUpsideDown UIInterfaceOrientationLandscapeLeft UIInterfaceOrientationLandscapeRight";
				INFOPLIST_KEY_UISupportedInterfaceOrientations_iPhone = "UIInterfaceOrientationPortrait UIInterfaceOrientationLandscapeLeft UIInterfaceOrientationLandscapeRight";
				IPHONEOS_DEPLOYMENT_TARGET = 26.0;
				LD_RUNPATH_SEARCH_PATHS = (
					"$(inherited)",
					"@executable_path/Frameworks",
				);
				MARKETING_VERSION = 0.9;
				PRODUCT_BUNDLE_IDENTIFIER = com.StageDevices.SyncTimer.Clip;
				PRODUCT_NAME = "$(TARGET_NAME)";
				STRING_CATALOG_GENERATE_SYMBOLS = YES;
				SWIFT_APPROACHABLE_CONCURRENCY = YES;
				SWIFT_DEFAULT_ACTOR_ISOLATION = MainActor;
				SWIFT_EMIT_LOC_STRINGS = YES;
				SWIFT_UPCOMING_FEATURE_MEMBER_IMPORT_VISIBILITY = YES;
				SWIFT_VERSION = 5.0;
				TARGETED_DEVICE_FAMILY = "1,2";
			};
			name = Release;
		};
		967A69042F0DDD1F00FCD067 /* Debug */ = {
			isa = XCBuildConfiguration;
			buildSettings = {
				BUNDLE_LOADER = "$(TEST_HOST)";
				CODE_SIGN_STYLE = Automatic;
				CURRENT_PROJECT_VERSION = 1;
				DEVELOPMENT_TEAM = S74572Q65M;
				GENERATE_INFOPLIST_FILE = YES;
				IPHONEOS_DEPLOYMENT_TARGET = 26.0;
				MARKETING_VERSION = 1.0;
				PRODUCT_BUNDLE_IDENTIFIER = com.StageDevices.SyncTimer.SyncTimerJoinClipTests;
				PRODUCT_NAME = "$(TARGET_NAME)";
				STRING_CATALOG_GENERATE_SYMBOLS = NO;
				SWIFT_APPROACHABLE_CONCURRENCY = YES;
				SWIFT_EMIT_LOC_STRINGS = NO;
				SWIFT_UPCOMING_FEATURE_MEMBER_IMPORT_VISIBILITY = YES;
				SWIFT_VERSION = 5.0;
				TARGETED_DEVICE_FAMILY = "1,2";
				TEST_HOST = "$(BUILT_PRODUCTS_DIR)/SyncTimerJoinClip.app/$(BUNDLE_EXECUTABLE_FOLDER_PATH)/SyncTimerJoinClip";
			};
			name = Debug;
		};
		967A69052F0DDD1F00FCD067 /* Release */ = {
			isa = XCBuildConfiguration;
			buildSettings = {
				BUNDLE_LOADER = "$(TEST_HOST)";
				CODE_SIGN_STYLE = Automatic;
				CURRENT_PROJECT_VERSION = 1;
				DEVELOPMENT_TEAM = S74572Q65M;
				GENERATE_INFOPLIST_FILE = YES;
				IPHONEOS_DEPLOYMENT_TARGET = 26.0;
				MARKETING_VERSION = 1.0;
				PRODUCT_BUNDLE_IDENTIFIER = com.StageDevices.SyncTimer.SyncTimerJoinClipTests;
				PRODUCT_NAME = "$(TARGET_NAME)";
				STRING_CATALOG_GENERATE_SYMBOLS = NO;
				SWIFT_APPROACHABLE_CONCURRENCY = YES;
				SWIFT_EMIT_LOC_STRINGS = NO;
				SWIFT_UPCOMING_FEATURE_MEMBER_IMPORT_VISIBILITY = YES;
				SWIFT_VERSION = 5.0;
				TARGETED_DEVICE_FAMILY = "1,2";
				TEST_HOST = "$(BUILT_PRODUCTS_DIR)/SyncTimerJoinClip.app/$(BUNDLE_EXECUTABLE_FOLDER_PATH)/SyncTimerJoinClip";
			};
			name = Release;
		};
		967A69062F0DDD1F00FCD067 /* Debug */ = {
			isa = XCBuildConfiguration;
			buildSettings = {
				CODE_SIGN_STYLE = Automatic;
				CURRENT_PROJECT_VERSION = 1;
				DEVELOPMENT_TEAM = S74572Q65M;
				GENERATE_INFOPLIST_FILE = YES;
				IPHONEOS_DEPLOYMENT_TARGET = 26.0;
				MARKETING_VERSION = 1.0;
				PRODUCT_BUNDLE_IDENTIFIER = com.StageDevices.SyncTimer.SyncTimerJoinClipUITests;
				PRODUCT_NAME = "$(TARGET_NAME)";
				STRING_CATALOG_GENERATE_SYMBOLS = NO;
				SWIFT_APPROACHABLE_CONCURRENCY = YES;
				SWIFT_EMIT_LOC_STRINGS = NO;
				SWIFT_UPCOMING_FEATURE_MEMBER_IMPORT_VISIBILITY = YES;
				SWIFT_VERSION = 5.0;
				TARGETED_DEVICE_FAMILY = "1,2";
				TEST_TARGET_NAME = SyncTimerJoinClip;
			};
			name = Debug;
		};
		967A69072F0DDD1F00FCD067 /* Release */ = {
			isa = XCBuildConfiguration;
			buildSettings = {
				CODE_SIGN_STYLE = Automatic;
				CURRENT_PROJECT_VERSION = 1;
				DEVELOPMENT_TEAM = S74572Q65M;
				GENERATE_INFOPLIST_FILE = YES;
				IPHONEOS_DEPLOYMENT_TARGET = 26.0;
				MARKETING_VERSION = 1.0;
				PRODUCT_BUNDLE_IDENTIFIER = com.StageDevices.SyncTimer.SyncTimerJoinClipUITests;
				PRODUCT_NAME = "$(TARGET_NAME)";
				STRING_CATALOG_GENERATE_SYMBOLS = NO;
				SWIFT_APPROACHABLE_CONCURRENCY = YES;
				SWIFT_EMIT_LOC_STRINGS = NO;
				SWIFT_UPCOMING_FEATURE_MEMBER_IMPORT_VISIBILITY = YES;
				SWIFT_VERSION = 5.0;
				TARGETED_DEVICE_FAMILY = "1,2";
				TEST_TARGET_NAME = SyncTimerJoinClip;
			};
			name = Release;
		};
		96DB422F2DE84D190027E9AA /* Debug */ = {
			isa = XCBuildConfiguration;
			buildSettings = {
				ALWAYS_SEARCH_USER_PATHS = NO;
				ASSETCATALOG_COMPILER_GENERATE_SWIFT_ASSET_SYMBOL_EXTENSIONS = YES;
				CLANG_ANALYZER_NONNULL = YES;
				CLANG_ANALYZER_NUMBER_OBJECT_CONVERSION = YES_AGGRESSIVE;
				CLANG_CXX_LANGUAGE_STANDARD = "gnu++20";
				CLANG_ENABLE_MODULES = YES;
				CLANG_ENABLE_OBJC_ARC = YES;
				CLANG_ENABLE_OBJC_WEAK = YES;
				CLANG_WARN_BLOCK_CAPTURE_AUTORELEASING = YES;
				CLANG_WARN_BOOL_CONVERSION = YES;
				CLANG_WARN_COMMA = YES;
				CLANG_WARN_CONSTANT_CONVERSION = YES;
				CLANG_WARN_DEPRECATED_OBJC_IMPLEMENTATIONS = YES;
				CLANG_WARN_DIRECT_OBJC_ISA_USAGE = YES_ERROR;
				CLANG_WARN_DOCUMENTATION_COMMENTS = YES;
				CLANG_WARN_EMPTY_BODY = YES;
				CLANG_WARN_ENUM_CONVERSION = YES;
				CLANG_WARN_INFINITE_RECURSION = YES;
				CLANG_WARN_INT_CONVERSION = YES;
				CLANG_WARN_NON_LITERAL_NULL_CONVERSION = YES;
				CLANG_WARN_OBJC_IMPLICIT_RETAIN_SELF = YES;
				CLANG_WARN_OBJC_LITERAL_CONVERSION = YES;
				CLANG_WARN_OBJC_ROOT_CLASS = YES_ERROR;
				CLANG_WARN_QUOTED_INCLUDE_IN_FRAMEWORK_HEADER = YES;
				CLANG_WARN_RANGE_LOOP_ANALYSIS = YES;
				CLANG_WARN_STRICT_PROTOTYPES = YES;
				CLANG_WARN_SUSPICIOUS_MOVE = YES;
				CLANG_WARN_UNGUARDED_AVAILABILITY = YES_AGGRESSIVE;
				CLANG_WARN_UNREACHABLE_CODE = YES;
				CLANG_WARN__DUPLICATE_METHOD_MATCH = YES;
				COPY_PHASE_STRIP = NO;
				DEBUG_INFORMATION_FORMAT = dwarf;
				ENABLE_STRICT_OBJC_MSGSEND = YES;
				ENABLE_TESTABILITY = YES;
				ENABLE_USER_SCRIPT_SANDBOXING = YES;
				GCC_C_LANGUAGE_STANDARD = gnu17;
				GCC_DYNAMIC_NO_PIC = NO;
				GCC_NO_COMMON_BLOCKS = YES;
				GCC_OPTIMIZATION_LEVEL = 0;
				GCC_PREPROCESSOR_DEFINITIONS = (
					"DEBUG=1",
					"$(inherited)",
				);
				GCC_WARN_64_TO_32_BIT_CONVERSION = YES;
				GCC_WARN_ABOUT_RETURN_TYPE = YES_ERROR;
				GCC_WARN_UNDECLARED_SELECTOR = YES;
				GCC_WARN_UNINITIALIZED_AUTOS = YES_AGGRESSIVE;
				GCC_WARN_UNUSED_FUNCTION = YES;
				GCC_WARN_UNUSED_VARIABLE = YES;
				IPHONEOS_DEPLOYMENT_TARGET = 18.2;
				LOCALIZATION_PREFERS_STRING_CATALOGS = YES;
				MTL_ENABLE_DEBUG_INFO = INCLUDE_SOURCE;
				MTL_FAST_MATH = YES;
				ONLY_ACTIVE_ARCH = YES;
				SDKROOT = iphoneos;
				SWIFT_ACTIVE_COMPILATION_CONDITIONS = "DEBUG $(inherited)";
				SWIFT_OPTIMIZATION_LEVEL = "-Onone";
			};
			name = Debug;
		};
		96DB42302DE84D190027E9AA /* Release */ = {
			isa = XCBuildConfiguration;
			buildSettings = {
				ALWAYS_SEARCH_USER_PATHS = NO;
				ASSETCATALOG_COMPILER_GENERATE_SWIFT_ASSET_SYMBOL_EXTENSIONS = YES;
				CLANG_ANALYZER_NONNULL = YES;
				CLANG_ANALYZER_NUMBER_OBJECT_CONVERSION = YES_AGGRESSIVE;
				CLANG_CXX_LANGUAGE_STANDARD = "gnu++20";
				CLANG_ENABLE_MODULES = YES;
				CLANG_ENABLE_OBJC_ARC = YES;
				CLANG_ENABLE_OBJC_WEAK = YES;
				CLANG_WARN_BLOCK_CAPTURE_AUTORELEASING = YES;
				CLANG_WARN_BOOL_CONVERSION = YES;
				CLANG_WARN_COMMA = YES;
				CLANG_WARN_CONSTANT_CONVERSION = YES;
				CLANG_WARN_DEPRECATED_OBJC_IMPLEMENTATIONS = YES;
				CLANG_WARN_DIRECT_OBJC_ISA_USAGE = YES_ERROR;
				CLANG_WARN_DOCUMENTATION_COMMENTS = YES;
				CLANG_WARN_EMPTY_BODY = YES;
				CLANG_WARN_ENUM_CONVERSION = YES;
				CLANG_WARN_INFINITE_RECURSION = YES;
				CLANG_WARN_INT_CONVERSION = YES;
				CLANG_WARN_NON_LITERAL_NULL_CONVERSION = YES;
				CLANG_WARN_OBJC_IMPLICIT_RETAIN_SELF = YES;
				CLANG_WARN_OBJC_LITERAL_CONVERSION = YES;
				CLANG_WARN_OBJC_ROOT_CLASS = YES_ERROR;
				CLANG_WARN_QUOTED_INCLUDE_IN_FRAMEWORK_HEADER = YES;
				CLANG_WARN_RANGE_LOOP_ANALYSIS = YES;
				CLANG_WARN_STRICT_PROTOTYPES = YES;
				CLANG_WARN_SUSPICIOUS_MOVE = YES;
				CLANG_WARN_UNGUARDED_AVAILABILITY = YES_AGGRESSIVE;
				CLANG_WARN_UNREACHABLE_CODE = YES;
				CLANG_WARN__DUPLICATE_METHOD_MATCH = YES;
				COPY_PHASE_STRIP = NO;
				DEBUG_INFORMATION_FORMAT = "dwarf-with-dsym";
				ENABLE_NS_ASSERTIONS = NO;
				ENABLE_STRICT_OBJC_MSGSEND = YES;
				ENABLE_USER_SCRIPT_SANDBOXING = YES;
				GCC_C_LANGUAGE_STANDARD = gnu17;
				GCC_NO_COMMON_BLOCKS = YES;
				GCC_WARN_64_TO_32_BIT_CONVERSION = YES;
				GCC_WARN_ABOUT_RETURN_TYPE = YES_ERROR;
				GCC_WARN_UNDECLARED_SELECTOR = YES;
				GCC_WARN_UNINITIALIZED_AUTOS = YES_AGGRESSIVE;
				GCC_WARN_UNUSED_FUNCTION = YES;
				GCC_WARN_UNUSED_VARIABLE = YES;
				IPHONEOS_DEPLOYMENT_TARGET = 18.2;
				LOCALIZATION_PREFERS_STRING_CATALOGS = YES;
				MTL_ENABLE_DEBUG_INFO = NO;
				MTL_FAST_MATH = YES;
				SDKROOT = iphoneos;
				SWIFT_COMPILATION_MODE = wholemodule;
				VALIDATE_PRODUCT = YES;
			};
			name = Release;
		};
		96DB42322DE84D190027E9AA /* Debug */ = {
			isa = XCBuildConfiguration;
			buildSettings = {
				ASSETCATALOG_COMPILER_APPICON_NAME = AppIcon;
				ASSETCATALOG_COMPILER_GLOBAL_ACCENT_COLOR_NAME = AccentColor;
				ASSETCATALOG_COMPILER_INCLUDE_ALL_APPICON_ASSETS = YES;
				BUILD_LIBRARY_FOR_DISTRIBUTION = YES;
				CODE_SIGN_ENTITLEMENTS = SyncTimer/SyncTimer.entitlements;
				CODE_SIGN_IDENTITY = "Apple Development";
				CODE_SIGN_STYLE = Automatic;
				CURRENT_PROJECT_VERSION = 3;
				DEVELOPMENT_ASSET_PATHS = "\"SyncTimer/Preview Content\"";
				DEVELOPMENT_TEAM = S74572Q65M;
				ENABLE_PREVIEWS = YES;
				FRAMEWORK_SEARCH_PATHS = (
					$inherited,
					"$(PROJECT_DIR)/**",
				);
				GENERATE_INFOPLIST_FILE = YES;
				HEADER_SEARCH_PATHS = (
					$inherited,
					"$(PROJECT_DIR)/SyncTimer",
				);
				INFOPLIST_FILE = SyncTimer/Info.plist;
				INFOPLIST_KEY_CFBundleDisplayName = SyncTimer;
				INFOPLIST_KEY_LSApplicationCategoryType = "public.app-category.music";
				INFOPLIST_KEY_NSBluetoothAlwaysUsageDescription = "Uses BLE to connect to other device timers.";
				INFOPLIST_KEY_NSBluetoothPeripheralUsageDescription = "This app uses Bluetooth to automatically discover and synchronize timers with nearby devices.";
				INFOPLIST_KEY_NSCameraUsageDescription = "Uses camera to connect to other devices (deprecated).";
				INFOPLIST_KEY_NSLocalNetworkUsageDescription = "Uses TCP/Bonjour to connect to other device timers.";
				INFOPLIST_KEY_NSNearbyInteractionUsageDescription = "SyncTimer uses Nearby to securely pair devices.";
				INFOPLIST_KEY_UIApplicationSupportsIndirectInputEvents = YES;
				INFOPLIST_KEY_UILaunchStoryboardName = LaunchScreen;
				INFOPLIST_KEY_UIMainStoryboardFile = Main;
				INFOPLIST_KEY_UIStatusBarHidden = YES;
				INFOPLIST_KEY_UISupportedInterfaceOrientations = "UIInterfaceOrientationLandscapeLeft UIInterfaceOrientationLandscapeRight UIInterfaceOrientationPortrait";
				INFOPLIST_KEY_UISupportedInterfaceOrientations_iPad = "UIInterfaceOrientationLandscapeLeft UIInterfaceOrientationLandscapeRight UIInterfaceOrientationPortrait UIInterfaceOrientationPortraitUpsideDown";
				INFOPLIST_KEY_UISupportsDocumentBrowser = YES;
				IPHONEOS_DEPLOYMENT_TARGET = 18.0;
				"IPHONEOS_DEPLOYMENT_TARGET[sdk=iphoneos*]" = 18.0;
				LD_RUNPATH_SEARCH_PATHS = $inhereted;
				LIBRARY_SEARCH_PATHS = (
					"$(inherited)",
					"$(PROJECT_DIR)/SyncTimer",
					"$(SRCROOT)",
					"$(PROJECT_DIR)",
				);
				MACOSX_DEPLOYMENT_TARGET = 14.0;
				MARKETING_VERSION = 0.9;
				OTHER_LDFLAGS = "";
				PRODUCT_BUNDLE_IDENTIFIER = com.StageDevices.SyncTimer;
				PRODUCT_NAME = "$(TARGET_NAME)";
				PROVISIONING_PROFILE_SPECIFIER = "";
				SKIP_INSTALL = NO;
				SUPPORTED_PLATFORMS = "iphoneos iphonesimulator";
				SUPPORTS_MACCATALYST = YES;
				SUPPORTS_MAC_DESIGNED_FOR_IPHONE_IPAD = NO;
				SUPPORTS_XR_DESIGNED_FOR_IPHONE_IPAD = NO;
				SWIFT_EMIT_LOC_STRINGS = YES;
				SWIFT_OBJC_BRIDGING_HEADER = "";
				SWIFT_VERSION = 5.0;
				TARGETED_DEVICE_FAMILY = "1,2";
			};
			name = Debug;
		};
		96DB42332DE84D190027E9AA /* Release */ = {
			isa = XCBuildConfiguration;
			buildSettings = {
				ASSETCATALOG_COMPILER_APPICON_NAME = AppIcon;
				ASSETCATALOG_COMPILER_GLOBAL_ACCENT_COLOR_NAME = AccentColor;
				ASSETCATALOG_COMPILER_INCLUDE_ALL_APPICON_ASSETS = YES;
				BUILD_LIBRARY_FOR_DISTRIBUTION = YES;
				CODE_SIGN_ENTITLEMENTS = SyncTimer/SyncTimer.entitlements;
				CODE_SIGN_IDENTITY = "Apple Development";
				CODE_SIGN_STYLE = Automatic;
				CURRENT_PROJECT_VERSION = 3;
				DEVELOPMENT_ASSET_PATHS = "\"SyncTimer/Preview Content\"";
				DEVELOPMENT_TEAM = S74572Q65M;
				ENABLE_PREVIEWS = YES;
				FRAMEWORK_SEARCH_PATHS = (
					$inherited,
					"$(PROJECT_DIR)/**",
				);
				GENERATE_INFOPLIST_FILE = YES;
				HEADER_SEARCH_PATHS = (
					$inherited,
					"$(PROJECT_DIR)/SyncTimer",
				);
				INFOPLIST_FILE = SyncTimer/Info.plist;
				INFOPLIST_KEY_CFBundleDisplayName = SyncTimer;
				INFOPLIST_KEY_LSApplicationCategoryType = "public.app-category.music";
				INFOPLIST_KEY_NSBluetoothAlwaysUsageDescription = "Uses BLE to connect to other device timers.";
				INFOPLIST_KEY_NSBluetoothPeripheralUsageDescription = "This app uses Bluetooth to automatically discover and synchronize timers with nearby devices.";
				INFOPLIST_KEY_NSCameraUsageDescription = "Uses camera to connect to other devices (deprecated).";
				INFOPLIST_KEY_NSLocalNetworkUsageDescription = "Uses TCP/Bonjour to connect to other device timers.";
				INFOPLIST_KEY_NSNearbyInteractionUsageDescription = "SyncTimer uses Nearby to securely pair devices.";
				INFOPLIST_KEY_UIApplicationSupportsIndirectInputEvents = YES;
				INFOPLIST_KEY_UILaunchStoryboardName = LaunchScreen;
				INFOPLIST_KEY_UIMainStoryboardFile = Main;
				INFOPLIST_KEY_UIStatusBarHidden = YES;
				INFOPLIST_KEY_UISupportedInterfaceOrientations = "UIInterfaceOrientationLandscapeLeft UIInterfaceOrientationLandscapeRight UIInterfaceOrientationPortrait";
				INFOPLIST_KEY_UISupportedInterfaceOrientations_iPad = "UIInterfaceOrientationLandscapeLeft UIInterfaceOrientationLandscapeRight UIInterfaceOrientationPortrait UIInterfaceOrientationPortraitUpsideDown";
				INFOPLIST_KEY_UISupportsDocumentBrowser = YES;
				IPHONEOS_DEPLOYMENT_TARGET = 18.0;
				"IPHONEOS_DEPLOYMENT_TARGET[sdk=iphoneos*]" = 18.0;
				LD_RUNPATH_SEARCH_PATHS = $inhereted;
				LIBRARY_SEARCH_PATHS = (
					"$(inherited)",
					"$(PROJECT_DIR)/SyncTimer",
					"$(SRCROOT)",
					"$(PROJECT_DIR)",
				);
				MACOSX_DEPLOYMENT_TARGET = 14.0;
				MARKETING_VERSION = 0.9;
				ONLY_ACTIVE_ARCH = NO;
				OTHER_LDFLAGS = "";
				PRODUCT_BUNDLE_IDENTIFIER = com.StageDevices.SyncTimer;
				PRODUCT_NAME = "$(TARGET_NAME)";
				PROVISIONING_PROFILE_SPECIFIER = "";
				SKIP_INSTALL = NO;
				SUPPORTED_PLATFORMS = "iphoneos iphonesimulator";
				SUPPORTS_MACCATALYST = YES;
				SUPPORTS_MAC_DESIGNED_FOR_IPHONE_IPAD = NO;
				SUPPORTS_XR_DESIGNED_FOR_IPHONE_IPAD = NO;
				SWIFT_EMIT_LOC_STRINGS = YES;
				SWIFT_OBJC_BRIDGING_HEADER = "";
				SWIFT_VERSION = 5.0;
				TARGETED_DEVICE_FAMILY = "1,2";
			};
			name = Release;
		};
		96DB42352DE84D190027E9AA /* Debug */ = {
			isa = XCBuildConfiguration;
			buildSettings = {
				BUNDLE_LOADER = "$(TEST_HOST)";
				CODE_SIGN_STYLE = Automatic;
				CURRENT_PROJECT_VERSION = 1;
				DEVELOPMENT_TEAM = 866679QA9V;
				GENERATE_INFOPLIST_FILE = YES;
				IPHONEOS_DEPLOYMENT_TARGET = 18.0;
				MARKETING_VERSION = 1.0;
				PRODUCT_BUNDLE_IDENTIFIER = cbassuarez.SyncTimerTests;
				PRODUCT_NAME = "$(TARGET_NAME)";
				SWIFT_EMIT_LOC_STRINGS = NO;
				SWIFT_VERSION = 5.0;
				TARGETED_DEVICE_FAMILY = "1,2";
				TEST_HOST = "$(BUILT_PRODUCTS_DIR)/SyncTimer.app/$(BUNDLE_EXECUTABLE_FOLDER_PATH)/SyncTimer";
			};
			name = Debug;
		};
		96DB42362DE84D190027E9AA /* Release */ = {
			isa = XCBuildConfiguration;
			buildSettings = {
				BUNDLE_LOADER = "$(TEST_HOST)";
				CODE_SIGN_STYLE = Automatic;
				CURRENT_PROJECT_VERSION = 1;
				DEVELOPMENT_TEAM = 866679QA9V;
				GENERATE_INFOPLIST_FILE = YES;
				IPHONEOS_DEPLOYMENT_TARGET = 18.0;
				MARKETING_VERSION = 1.0;
				PRODUCT_BUNDLE_IDENTIFIER = cbassuarez.SyncTimerTests;
				PRODUCT_NAME = "$(TARGET_NAME)";
				SWIFT_EMIT_LOC_STRINGS = NO;
				SWIFT_VERSION = 5.0;
				TARGETED_DEVICE_FAMILY = "1,2";
				TEST_HOST = "$(BUILT_PRODUCTS_DIR)/SyncTimer.app/$(BUNDLE_EXECUTABLE_FOLDER_PATH)/SyncTimer";
			};
			name = Release;
		};
		96DB42382DE84D190027E9AA /* Debug */ = {
			isa = XCBuildConfiguration;
			buildSettings = {
				CODE_SIGN_STYLE = Automatic;
				CURRENT_PROJECT_VERSION = 1;
				DEVELOPMENT_TEAM = S74572Q65M;
				GENERATE_INFOPLIST_FILE = YES;
				IPHONEOS_DEPLOYMENT_TARGET = 18.0;
				"IPHONEOS_DEPLOYMENT_TARGET[sdk=iphoneos*]" = 18.0;
				MARKETING_VERSION = 1.0;
				PRODUCT_BUNDLE_IDENTIFIER = stagedevices.SyncTimerUITests;
				PRODUCT_NAME = "$(TARGET_NAME)";
				SWIFT_EMIT_LOC_STRINGS = NO;
				SWIFT_VERSION = 5.0;
				TARGETED_DEVICE_FAMILY = "1,2";
				TEST_TARGET_NAME = SyncTimer;
			};
			name = Debug;
		};
		96DB42392DE84D190027E9AA /* Release */ = {
			isa = XCBuildConfiguration;
			buildSettings = {
				CODE_SIGN_STYLE = Automatic;
				CURRENT_PROJECT_VERSION = 1;
				DEVELOPMENT_TEAM = S74572Q65M;
				GENERATE_INFOPLIST_FILE = YES;
				IPHONEOS_DEPLOYMENT_TARGET = 18.0;
				"IPHONEOS_DEPLOYMENT_TARGET[sdk=iphoneos*]" = 18.0;
				MARKETING_VERSION = 1.0;
				PRODUCT_BUNDLE_IDENTIFIER = stagedevices.SyncTimerUITests;
				PRODUCT_NAME = "$(TARGET_NAME)";
				SWIFT_EMIT_LOC_STRINGS = NO;
				SWIFT_VERSION = 5.0;
				TARGETED_DEVICE_FAMILY = "1,2";
				TEST_TARGET_NAME = SyncTimer;
			};
			name = Release;
		};
/* End XCBuildConfiguration section */

/* Begin XCConfigurationList section */
		9636A7632E791DBD00A062B6 /* Build configuration list for PBXNativeTarget "SyncTimerWatch Watch App" */ = {
			isa = XCConfigurationList;
			buildConfigurations = (
				9636A7642E791DBD00A062B6 /* Debug */,
				9636A7652E791DBD00A062B6 /* Release */,
			);
			defaultConfigurationIsVisible = 0;
			defaultConfigurationName = Release;
		};
		9636A7662E791DBD00A062B6 /* Build configuration list for PBXNativeTarget "SyncTimerWatch Watch AppTests" */ = {
			isa = XCConfigurationList;
			buildConfigurations = (
				9636A7672E791DBD00A062B6 /* Debug */,
				9636A7682E791DBD00A062B6 /* Release */,
			);
			defaultConfigurationIsVisible = 0;
			defaultConfigurationName = Release;
		};
		9636A7692E791DBD00A062B6 /* Build configuration list for PBXNativeTarget "SyncTimerWatch Watch AppUITests" */ = {
			isa = XCConfigurationList;
			buildConfigurations = (
				9636A76A2E791DBD00A062B6 /* Debug */,
				9636A76B2E791DBD00A062B6 /* Release */,
			);
			defaultConfigurationIsVisible = 0;
			defaultConfigurationName = Release;
		};
		967A69082F0DDD1F00FCD067 /* Build configuration list for PBXNativeTarget "SyncTimerJoinClip" */ = {
			isa = XCConfigurationList;
			buildConfigurations = (
				967A69022F0DDD1F00FCD067 /* Debug */,
				967A69032F0DDD1F00FCD067 /* Release */,
			);
			defaultConfigurationIsVisible = 0;
			defaultConfigurationName = Release;
		};
		967A690A2F0DDD1F00FCD067 /* Build configuration list for PBXNativeTarget "SyncTimerJoinClipTests" */ = {
			isa = XCConfigurationList;
			buildConfigurations = (
				967A69042F0DDD1F00FCD067 /* Debug */,
				967A69052F0DDD1F00FCD067 /* Release */,
			);
			defaultConfigurationIsVisible = 0;
			defaultConfigurationName = Release;
		};
		967A690B2F0DDD1F00FCD067 /* Build configuration list for PBXNativeTarget "SyncTimerJoinClipUITests" */ = {
			isa = XCConfigurationList;
			buildConfigurations = (
				967A69062F0DDD1F00FCD067 /* Debug */,
				967A69072F0DDD1F00FCD067 /* Release */,
			);
			defaultConfigurationIsVisible = 0;
			defaultConfigurationName = Release;
		};
		96DB42082DE84D160027E9AA /* Build configuration list for PBXProject "SyncTimer" */ = {
			isa = XCConfigurationList;
			buildConfigurations = (
				96DB422F2DE84D190027E9AA /* Debug */,
				96DB42302DE84D190027E9AA /* Release */,
			);
			defaultConfigurationIsVisible = 0;
			defaultConfigurationName = Release;
		};
		96DB42312DE84D190027E9AA /* Build configuration list for PBXNativeTarget "SyncTimer" */ = {
			isa = XCConfigurationList;
			buildConfigurations = (
				96DB42322DE84D190027E9AA /* Debug */,
				96DB42332DE84D190027E9AA /* Release */,
			);
			defaultConfigurationIsVisible = 0;
			defaultConfigurationName = Release;
		};
		96DB42342DE84D190027E9AA /* Build configuration list for PBXNativeTarget "SyncTimerTests" */ = {
			isa = XCConfigurationList;
			buildConfigurations = (
				96DB42352DE84D190027E9AA /* Debug */,
				96DB42362DE84D190027E9AA /* Release */,
			);
			defaultConfigurationIsVisible = 0;
			defaultConfigurationName = Release;
		};
		96DB42372DE84D190027E9AA /* Build configuration list for PBXNativeTarget "SyncTimerUITests" */ = {
			isa = XCConfigurationList;
			buildConfigurations = (
				96DB42382DE84D190027E9AA /* Debug */,
				96DB42392DE84D190027E9AA /* Release */,
			);
			defaultConfigurationIsVisible = 0;
			defaultConfigurationName = Release;
		};
/* End XCConfigurationList section */
	};
	rootObject = 96DB42052DE84D160027E9AA /* Project object */;
}
